
Microsoft Visual Studio Solution File, Format Version 12.00
# Visual Studio Version 17
VisualStudioVersion = 17.3.32901.215
MinimumVisualStudioVersion = 10.0.40219.1
Project("{FAE04EC0-301F-11D3-BF4B-00C04F79EFBC}") = "palindrome number", "palindrome number\palindrome number.csproj", "{959EAB0E-E590-4A80-81C9-BE0656705F78}"
EndProject
Global
	GlobalSection(SolutionConfigurationPlatforms) = preSolution
		Debug|Any CPU = Debug|Any CPU
		Release|Any CPU = Release|Any CPU
	EndGlobalSection
	GlobalSection(ProjectConfigurationPlatforms) = postSolution
		{959EAB0E-E590-4A80-81C9-BE0656705F78}.Debug|Any CPU.ActiveCfg = Debug|Any CPU
		{959EAB0E-E590-4A80-81C9-BE0656705F78}.Debug|Any CPU.Build.0 = Debug|Any CPU
		{959EAB0E-E590-4A80-81C9-BE0656705F78}.Release|Any CPU.ActiveCfg = Release|Any CPU
		{959EAB0E-E590-4A80-81C9-BE0656705F78}.Release|Any CPU.Build.0 = Release|Any CPU
	EndGlobalSection
	GlobalSection(SolutionProperties) = preSolution
		HideSolutionNode = FALSE
	EndGlobalSection
	GlobalSection(ExtensibilityGlobals) = postSolution
		SolutionGuid = {21028C0F-18B7-4C5E-AADA-6B1BE263C832}
	EndGlobalSection
EndGlobal
